
Microsoft Visual Studio Solution File, Format Version 12.00
# Visual Studio Version 18
VisualStudioVersion = 18.4.11612.150
MinimumVisualStudioVersion = 10.0.40219.1
Project("{FAE04EC0-301F-11D3-BF4B-00C04F79EFBC}") = "CodingPlanTimeRefresh", "CodingPlanTimeRefresh.csproj", "{1C370BD5-0760-F3E3-C60B-C0DEAB54B871}"
EndProject
Global
	GlobalSection(SolutionConfigurationPlatforms) = preSolution
		Debug|Any CPU = Debug|Any CPU
		Release|Any CPU = Release|Any CPU
	EndGlobalSection
	GlobalSection(ProjectConfigurationPlatforms) = postSolution
		{1C370BD5-0760-F3E3-C60B-C0DEAB54B871}.Debug|Any CPU.ActiveCfg = Debug|Any CPU
		{1C370BD5-0760-F3E3-C60B-C0DEAB54B871}.Debug|Any CPU.Build.0 = Debug|Any CPU
		{1C370BD5-0760-F3E3-C60B-C0DEAB54B871}.Debug|Any CPU.Deploy.0 = Debug|Any CPU
		{1C370BD5-0760-F3E3-C60B-C0DEAB54B871}.Release|Any CPU.ActiveCfg = Release|Any CPU
		{1C370BD5-0760-F3E3-C60B-C0DEAB54B871}.Release|Any CPU.Build.0 = Release|Any CPU
		{1C370BD5-0760-F3E3-C60B-C0DEAB54B871}.Release|Any CPU.Deploy.0 = Release|Any CPU
	EndGlobalSection
	GlobalSection(SolutionProperties) = preSolution
		HideSolutionNode = FALSE
	EndGlobalSection
	GlobalSection(ExtensibilityGlobals) = postSolution
		SolutionGuid = {0FC46EDD-9639-44C7-9755-94F253C76D05}
	EndGlobalSection
EndGlobal
